
Microsoft Visual Studio Solution File, Format Version 12.00
# Visual Studio Version 17
VisualStudioVersion = 17.4.33213.308
MinimumVisualStudioVersion = 10.0.40219.1
Project("{9A19103F-16F7-4668-BE54-9A1E7A4F7556}") = "Herbal.Stock.API", "Herbal.Stock.API\Herbal.Stock.API.csproj", "{E20A2167-823E-490E-B2DF-1A0BD16A669C}"
EndProject
Project("{9A19103F-16F7-4668-BE54-9A1E7A4F7556}") = "Herbalife.Stock.Core", "Herbalife.Stock.Core\Herbalife.Stock.Core.csproj", "{93212AA2-02C3-4987-A0E9-479993BE654E}"
EndProject
Project("{9A19103F-16F7-4668-BE54-9A1E7A4F7556}") = "Herbalife.Stock.Infrastructure", "Herbalife.Stock.Infrastructure\Herbalife.Stock.Infrastructure.csproj", "{CE360C25-493E-4B91-8D02-EC60CA03CCE1}"
EndProject
Project("{9A19103F-16F7-4668-BE54-9A1E7A4F7556}") = "Herbalife.Stock.Web", "Herbalife.Stock.Web\Herbalife.Stock.Web.csproj", "{E3171BB4-AADE-4277-BF28-42C6316567AA}"
EndProject
Global
	GlobalSection(SolutionConfigurationPlatforms) = preSolution
		Debug|Any CPU = Debug|Any CPU
		Release|Any CPU = Release|Any CPU
	EndGlobalSection
	GlobalSection(ProjectConfigurationPlatforms) = postSolution
		{E20A2167-823E-490E-B2DF-1A0BD16A669C}.Debug|Any CPU.ActiveCfg = Debug|Any CPU
		{E20A2167-823E-490E-B2DF-1A0BD16A669C}.Debug|Any CPU.Build.0 = Debug|Any CPU
		{E20A2167-823E-490E-B2DF-1A0BD16A669C}.Release|Any CPU.ActiveCfg = Release|Any CPU
		{E20A2167-823E-490E-B2DF-1A0BD16A669C}.Release|Any CPU.Build.0 = Release|Any CPU
		{93212AA2-02C3-4987-A0E9-479993BE654E}.Debug|Any CPU.ActiveCfg = Debug|Any CPU
		{93212AA2-02C3-4987-A0E9-479993BE654E}.Debug|Any CPU.Build.0 = Debug|Any CPU
		{93212AA2-02C3-4987-A0E9-479993BE654E}.Release|Any CPU.ActiveCfg = Release|Any CPU
		{93212AA2-02C3-4987-A0E9-479993BE654E}.Release|Any CPU.Build.0 = Release|Any CPU
		{CE360C25-493E-4B91-8D02-EC60CA03CCE1}.Debug|Any CPU.ActiveCfg = Debug|Any CPU
		{CE360C25-493E-4B91-8D02-EC60CA03CCE1}.Debug|Any CPU.Build.0 = Debug|Any CPU
		{CE360C25-493E-4B91-8D02-EC60CA03CCE1}.Release|Any CPU.ActiveCfg = Release|Any CPU
		{CE360C25-493E-4B91-8D02-EC60CA03CCE1}.Release|Any CPU.Build.0 = Release|Any CPU
		{E3171BB4-AADE-4277-BF28-42C6316567AA}.Debug|Any CPU.ActiveCfg = Debug|Any CPU
		{E3171BB4-AADE-4277-BF28-42C6316567AA}.Debug|Any CPU.Build.0 = Debug|Any CPU
		{E3171BB4-AADE-4277-BF28-42C6316567AA}.Release|Any CPU.ActiveCfg = Release|Any CPU
		{E3171BB4-AADE-4277-BF28-42C6316567AA}.Release|Any CPU.Build.0 = Release|Any CPU
	EndGlobalSection
	GlobalSection(SolutionProperties) = preSolution
		HideSolutionNode = FALSE
	EndGlobalSection
	GlobalSection(ExtensibilityGlobals) = postSolution
		SolutionGuid = {80FBCAF6-2C9D-41B7-8CE7-441E80D40C01}
	EndGlobalSection
EndGlobal
