
Microsoft Visual Studio Solution File, Format Version 12.00
# Visual Studio Version 17
VisualStudioVersion = 17.4.33213.308
MinimumVisualStudioVersion = 10.0.40219.1
Project("{9A19103F-16F7-4668-BE54-9A1E7A4F7556}") = "Herbalife.Stock.Web", "Herbalife.Stock.Web.csproj", "{554CED6C-3520-4D31-950C-242B72A6556E}"
EndProject
Global
	GlobalSection(SolutionConfigurationPlatforms) = preSolution
		Debug|Any CPU = Debug|Any CPU
		Release|Any CPU = Release|Any CPU
	EndGlobalSection
	GlobalSection(ProjectConfigurationPlatforms) = postSolution
		{554CED6C-3520-4D31-950C-242B72A6556E}.Debug|Any CPU.ActiveCfg = Debug|Any CPU
		{554CED6C-3520-4D31-950C-242B72A6556E}.Debug|Any CPU.Build.0 = Debug|Any CPU
		{554CED6C-3520-4D31-950C-242B72A6556E}.Release|Any CPU.ActiveCfg = Release|Any CPU
		{554CED6C-3520-4D31-950C-242B72A6556E}.Release|Any CPU.Build.0 = Release|Any CPU
	EndGlobalSection
	GlobalSection(SolutionProperties) = preSolution
		HideSolutionNode = FALSE
	EndGlobalSection
	GlobalSection(ExtensibilityGlobals) = postSolution
		SolutionGuid = {32C82B41-750C-4AA8-BBD1-C82B5694E0E6}
	EndGlobalSection
EndGlobal
